
Microsoft Visual Studio Solution File, Format Version 12.00
# Visual Studio Version 17
VisualStudioVersion = 17.6.33723.286
MinimumVisualStudioVersion = 10.0.40219.1
Project("{54A90642-561A-4BB1-A94E-469ADEE60C69}") = "project", "project\project.esproj", "{573C6E59-0979-4AC3-AF43-16EBAF0D28E7}"
EndProject
Global
	GlobalSection(SolutionConfigurationPlatforms) = preSolution
		Debug|Any CPU = Debug|Any CPU
		Release|Any CPU = Release|Any CPU
	EndGlobalSection
	GlobalSection(ProjectConfigurationPlatforms) = postSolution
		{573C6E59-0979-4AC3-AF43-16EBAF0D28E7}.Debug|Any CPU.ActiveCfg = Debug|Any CPU
		{573C6E59-0979-4AC3-AF43-16EBAF0D28E7}.Debug|Any CPU.Build.0 = Debug|Any CPU
		{573C6E59-0979-4AC3-AF43-16EBAF0D28E7}.Debug|Any CPU.Deploy.0 = Debug|Any CPU
		{573C6E59-0979-4AC3-AF43-16EBAF0D28E7}.Release|Any CPU.ActiveCfg = Release|Any CPU
		{573C6E59-0979-4AC3-AF43-16EBAF0D28E7}.Release|Any CPU.Build.0 = Release|Any CPU
		{573C6E59-0979-4AC3-AF43-16EBAF0D28E7}.Release|Any CPU.Deploy.0 = Release|Any CPU
	EndGlobalSection
	GlobalSection(SolutionProperties) = preSolution
		HideSolutionNode = FALSE
	EndGlobalSection
	GlobalSection(ExtensibilityGlobals) = postSolution
		SolutionGuid = {B929CDC2-64DE-4A1D-8B8C-C7338BC23B9F}
	EndGlobalSection
EndGlobal
